
Microsoft Visual Studio Solution File, Format Version 12.00
# Visual Studio Version 17
VisualStudioVersion = 17.10.35027.167
MinimumVisualStudioVersion = 10.0.40219.1
Project("{FAE04EC0-301F-11D3-BF4B-00C04F79EFBC}") = "ConsoleApp1", "ConsoleApp1\ConsoleApp1.csproj", "{FF1F87F5-A7DD-4B89-932D-15EE89886DB6}"
EndProject
Global
	GlobalSection(SolutionConfigurationPlatforms) = preSolution
		Debug|Any CPU = Debug|Any CPU
		Release|Any CPU = Release|Any CPU
	EndGlobalSection
	GlobalSection(ProjectConfigurationPlatforms) = postSolution
		{FF1F87F5-A7DD-4B89-932D-15EE89886DB6}.Debug|Any CPU.ActiveCfg = Debug|Any CPU
		{FF1F87F5-A7DD-4B89-932D-15EE89886DB6}.Debug|Any CPU.Build.0 = Debug|Any CPU
		{FF1F87F5-A7DD-4B89-932D-15EE89886DB6}.Release|Any CPU.ActiveCfg = Release|Any CPU
		{FF1F87F5-A7DD-4B89-932D-15EE89886DB6}.Release|Any CPU.Build.0 = Release|Any CPU
	EndGlobalSection
	GlobalSection(SolutionProperties) = preSolution
		HideSolutionNode = FALSE
	EndGlobalSection
	GlobalSection(ExtensibilityGlobals) = postSolution
		SolutionGuid = {4F5DF27B-F324-408F-A762-C5CF2F0A75BD}
	EndGlobalSection
EndGlobal
