
Microsoft Visual Studio Solution File, Format Version 12.00
# Visual Studio Version 17
VisualStudioVersion = 17.11.35431.28
MinimumVisualStudioVersion = 10.0.40219.1
Project("{FAE04EC0-301F-11D3-BF4B-00C04F79EFBC}") = "Upr", "Upr\Upr.csproj", "{67BD0A8C-5006-4065-A8F5-45EF39BB2029}"
EndProject
Global
	GlobalSection(SolutionConfigurationPlatforms) = preSolution
		Debug|Any CPU = Debug|Any CPU
		Release|Any CPU = Release|Any CPU
	EndGlobalSection
	GlobalSection(ProjectConfigurationPlatforms) = postSolution
		{67BD0A8C-5006-4065-A8F5-45EF39BB2029}.Debug|Any CPU.ActiveCfg = Debug|Any CPU
		{67BD0A8C-5006-4065-A8F5-45EF39BB2029}.Debug|Any CPU.Build.0 = Debug|Any CPU
		{67BD0A8C-5006-4065-A8F5-45EF39BB2029}.Release|Any CPU.ActiveCfg = Release|Any CPU
		{67BD0A8C-5006-4065-A8F5-45EF39BB2029}.Release|Any CPU.Build.0 = Release|Any CPU
	EndGlobalSection
	GlobalSection(SolutionProperties) = preSolution
		HideSolutionNode = FALSE
	EndGlobalSection
	GlobalSection(ExtensibilityGlobals) = postSolution
		SolutionGuid = {61D330D8-683F-4F34-BEF6-AB0B960AA5E6}
	EndGlobalSection
EndGlobal
