
Microsoft Visual Studio Solution File, Format Version 12.00
# Visual Studio Version 17
VisualStudioVersion = 17.11.35431.28
MinimumVisualStudioVersion = 10.0.40219.1
Project("{FAE04EC0-301F-11D3-BF4B-00C04F79EFBC}") = "zadacha", "zadacha\zadacha.csproj", "{BBC76715-AEB0-42CD-BA57-C55203F76CF5}"
EndProject
Global
	GlobalSection(SolutionConfigurationPlatforms) = preSolution
		Debug|Any CPU = Debug|Any CPU
		Release|Any CPU = Release|Any CPU
	EndGlobalSection
	GlobalSection(ProjectConfigurationPlatforms) = postSolution
		{BBC76715-AEB0-42CD-BA57-C55203F76CF5}.Debug|Any CPU.ActiveCfg = Debug|Any CPU
		{BBC76715-AEB0-42CD-BA57-C55203F76CF5}.Debug|Any CPU.Build.0 = Debug|Any CPU
		{BBC76715-AEB0-42CD-BA57-C55203F76CF5}.Release|Any CPU.ActiveCfg = Release|Any CPU
		{BBC76715-AEB0-42CD-BA57-C55203F76CF5}.Release|Any CPU.Build.0 = Release|Any CPU
	EndGlobalSection
	GlobalSection(SolutionProperties) = preSolution
		HideSolutionNode = FALSE
	EndGlobalSection
	GlobalSection(ExtensibilityGlobals) = postSolution
		SolutionGuid = {158CD789-2451-438E-8331-FFDD12507728}
	EndGlobalSection
EndGlobal
